
Microsoft Visual Studio Solution File, Format Version 12.00
# Visual Studio 15
VisualStudioVersion = 15.0.28307.1433
MinimumVisualStudioVersion = 10.0.40219.1
Project("{FAE04EC0-301F-11D3-BF4B-00C04F79EFBC}") = "cashier n data", "cashier n data\cashier n data.csproj", "{F20E408E-BE91-4545-A10B-DED3A2D5023A}"
EndProject
Global
	GlobalSection(SolutionConfigurationPlatforms) = preSolution
		Debug|Any CPU = Debug|Any CPU
		Release|Any CPU = Release|Any CPU
	EndGlobalSection
	GlobalSection(ProjectConfigurationPlatforms) = postSolution
		{F20E408E-BE91-4545-A10B-DED3A2D5023A}.Debug|Any CPU.ActiveCfg = Debug|Any CPU
		{F20E408E-BE91-4545-A10B-DED3A2D5023A}.Debug|Any CPU.Build.0 = Debug|Any CPU
		{F20E408E-BE91-4545-A10B-DED3A2D5023A}.Release|Any CPU.ActiveCfg = Release|Any CPU
		{F20E408E-BE91-4545-A10B-DED3A2D5023A}.Release|Any CPU.Build.0 = Release|Any CPU
	EndGlobalSection
	GlobalSection(SolutionProperties) = preSolution
		HideSolutionNode = FALSE
	EndGlobalSection
	GlobalSection(ExtensibilityGlobals) = postSolution
		SolutionGuid = {613D2142-0307-4EE9-80F1-0C29AF3069A3}
	EndGlobalSection
EndGlobal
